
Microsoft Visual Studio Solution File, Format Version 12.00
# Visual Studio Version 16
VisualStudioVersion = 16.0.31025.194
MinimumVisualStudioVersion = 10.0.40219.1
Project("{FAE04EC0-301F-11D3-BF4B-00C04F79EFBC}") = "ejemplo3enclase", "ejemplo3enclase\ejemplo3enclase.csproj", "{14B1D2BA-5EF9-4FC3-A497-D86D877FB463}"
EndProject
Global
	GlobalSection(SolutionConfigurationPlatforms) = preSolution
		Debug|Any CPU = Debug|Any CPU
		Release|Any CPU = Release|Any CPU
	EndGlobalSection
	GlobalSection(ProjectConfigurationPlatforms) = postSolution
		{14B1D2BA-5EF9-4FC3-A497-D86D877FB463}.Debug|Any CPU.ActiveCfg = Debug|Any CPU
		{14B1D2BA-5EF9-4FC3-A497-D86D877FB463}.Debug|Any CPU.Build.0 = Debug|Any CPU
		{14B1D2BA-5EF9-4FC3-A497-D86D877FB463}.Release|Any CPU.ActiveCfg = Release|Any CPU
		{14B1D2BA-5EF9-4FC3-A497-D86D877FB463}.Release|Any CPU.Build.0 = Release|Any CPU
	EndGlobalSection
	GlobalSection(SolutionProperties) = preSolution
		HideSolutionNode = FALSE
	EndGlobalSection
	GlobalSection(ExtensibilityGlobals) = postSolution
		SolutionGuid = {E0772CEE-A73C-48E6-8D07-30DAFDF4BB27}
	EndGlobalSection
EndGlobal
